PODS:
  - Nuke (9.2.4)
  - XCDYouTubeKit (2.15.2)

DEPENDENCIES:
  - Nuke
  - XCDYouTubeKit

SPEC REPOS:
  trunk:
    - Nuke
    - XCDYouTubeKit

SPEC CHECKSUMS:
  Nuke: 44439f7a92e665a4f927ecd73cb51f91d93b0e0c
  XCDYouTubeKit: b120aced3d8638ffb570c5450cddb5a1dac448c7

PODFILE CHECKSUM: f5da1ec6bb666aabef6312a6fe2796547738e7c3

COCOAPODS: 1.10.1
